
Microsoft Visual Studio Solution File, Format Version 12.00
# Visual Studio Version 17
VisualStudioVersion = 17.8.34330.188
MinimumVisualStudioVersion = 10.0.40219.1
Project("{FAE04EC0-301F-11D3-BF4B-00C04F79EFBC}") = "MvcPorject_PresentionLayer", "MvcPorject_PresentionLayer\MvcPorject_PresentionLayer.csproj", "{0A35BACD-EC6D-4FF0-928A-675AD270C61B}"
EndProject
Project("{FAE04EC0-301F-11D3-BF4B-00C04F79EFBC}") = "DataAccess_Layer", "DataAccess_Layer\DataAccess_Layer.csproj", "{28DE0279-F5CB-4646-9E62-5150EDDDD87B}"
EndProject
Project("{FAE04EC0-301F-11D3-BF4B-00C04F79EFBC}") = "Business_Layer", "Business_Layer\Business_Layer.csproj", "{5214A4E2-56B2-4340-8223-5BF3CD2186F4}"
EndProject
Global
	GlobalSection(SolutionConfigurationPlatforms) = preSolution
		Debug|Any CPU = Debug|Any CPU
		Release|Any CPU = Release|Any CPU
	EndGlobalSection
	GlobalSection(ProjectConfigurationPlatforms) = postSolution
		{0A35BACD-EC6D-4FF0-928A-675AD270C61B}.Debug|Any CPU.ActiveCfg = Debug|Any CPU
		{0A35BACD-EC6D-4FF0-928A-675AD270C61B}.Debug|Any CPU.Build.0 = Debug|Any CPU
		{0A35BACD-EC6D-4FF0-928A-675AD270C61B}.Release|Any CPU.ActiveCfg = Release|Any CPU
		{0A35BACD-EC6D-4FF0-928A-675AD270C61B}.Release|Any CPU.Build.0 = Release|Any CPU
		{28DE0279-F5CB-4646-9E62-5150EDDDD87B}.Debug|Any CPU.ActiveCfg = Debug|Any CPU
		{28DE0279-F5CB-4646-9E62-5150EDDDD87B}.Debug|Any CPU.Build.0 = Debug|Any CPU
		{28DE0279-F5CB-4646-9E62-5150EDDDD87B}.Release|Any CPU.ActiveCfg = Release|Any CPU
		{28DE0279-F5CB-4646-9E62-5150EDDDD87B}.Release|Any CPU.Build.0 = Release|Any CPU
		{5214A4E2-56B2-4340-8223-5BF3CD2186F4}.Debug|Any CPU.ActiveCfg = Debug|Any CPU
		{5214A4E2-56B2-4340-8223-5BF3CD2186F4}.Debug|Any CPU.Build.0 = Debug|Any CPU
		{5214A4E2-56B2-4340-8223-5BF3CD2186F4}.Release|Any CPU.ActiveCfg = Release|Any CPU
		{5214A4E2-56B2-4340-8223-5BF3CD2186F4}.Release|Any CPU.Build.0 = Release|Any CPU
	EndGlobalSection
	GlobalSection(SolutionProperties) = preSolution
		HideSolutionNode = FALSE
	EndGlobalSection
	GlobalSection(ExtensibilityGlobals) = postSolution
		SolutionGuid = {D540B225-E906-4DF9-9CBA-90605459FDFC}
	EndGlobalSection
EndGlobal
